
Microsoft Visual Studio Solution File, Format Version 12.00
Project("{FAE04EC0-301F-11D3-BF4B-00C04F79EFBC}") = "IgitApi", "IgitApi\IgitApi.csproj", "{AA7D31A5-30AB-4588-BBBB-2C55EC6D9F4A}"
EndProject
Global
	GlobalSection(SolutionConfigurationPlatforms) = preSolution
		Debug|Any CPU = Debug|Any CPU
		Release|Any CPU = Release|Any CPU
	EndGlobalSection
	GlobalSection(ProjectConfigurationPlatforms) = postSolution
		{AA7D31A5-30AB-4588-BBBB-2C55EC6D9F4A}.Debug|Any CPU.ActiveCfg = Debug|Any CPU
		{AA7D31A5-30AB-4588-BBBB-2C55EC6D9F4A}.Debug|Any CPU.Build.0 = Debug|Any CPU
		{AA7D31A5-30AB-4588-BBBB-2C55EC6D9F4A}.Release|Any CPU.ActiveCfg = Release|Any CPU
		{AA7D31A5-30AB-4588-BBBB-2C55EC6D9F4A}.Release|Any CPU.Build.0 = Release|Any CPU
	EndGlobalSection
EndGlobal
